
Microsoft Visual Studio Solution File, Format Version 12.00
# Visual Studio Version 17
VisualStudioVersion = 17.14.36401.2 d17.14
MinimumVisualStudioVersion = 10.0.40219.1
Project("{00D1A9C2-B5F0-4AF3-8072-F6C62B433612}") = "POC_SpecKitProj", "POC_SpecKitProj\POC_SpecKitProj.sqlproj", "{DD2085AF-A43C-44BA-A9B9-373284541078}"
EndProject
Global
	GlobalSection(SolutionConfigurationPlatforms) = preSolution
		Debug|Any CPU = Debug|Any CPU
		Release|Any CPU = Release|Any CPU
	EndGlobalSection
	GlobalSection(ProjectConfigurationPlatforms) = postSolution
		{DD2085AF-A43C-44BA-A9B9-373284541078}.Debug|Any CPU.ActiveCfg = Debug|Any CPU
		{DD2085AF-A43C-44BA-A9B9-373284541078}.Debug|Any CPU.Build.0 = Debug|Any CPU
		{DD2085AF-A43C-44BA-A9B9-373284541078}.Debug|Any CPU.Deploy.0 = Debug|Any CPU
		{DD2085AF-A43C-44BA-A9B9-373284541078}.Release|Any CPU.ActiveCfg = Release|Any CPU
		{DD2085AF-A43C-44BA-A9B9-373284541078}.Release|Any CPU.Build.0 = Release|Any CPU
		{DD2085AF-A43C-44BA-A9B9-373284541078}.Release|Any CPU.Deploy.0 = Release|Any CPU
	EndGlobalSection
	GlobalSection(SolutionProperties) = preSolution
		HideSolutionNode = FALSE
	EndGlobalSection
	GlobalSection(ExtensibilityGlobals) = postSolution
		SolutionGuid = {9AC52A4B-008E-43D8-94C5-5DF19FE18D41}
	EndGlobalSection
EndGlobal
